{
  "name": "@northstar/cart-service",
  "lockfileVersion": 3,
  "requires": true,
  "packages": {
    "": {
      "name": "@northstar/cart-service",
      "dependencies": {
        "redis": "^6.1.0"
      }
    },
    "node_modules/@redis/bloom": {
      "version": "6.1.0",
      "resolved": "https://registry.npmjs.org/@redis/bloom/-/bloom-6.1.0.tgz",
      "integrity": "sha512-Rzascjd9J9bJsM45T/Z9CTg1QY/B63B6YO8QorLVMeXnbBDsKiSCVR/+GQ061hYPk8FpTzWmPY8tAv2sT+JEtQ==",
      "license": "MIT",
      "engines": {
        "node": ">= 20.0.0"
      },
      "peerDependencies": {
        "@redis/client": "^6.1.0"
      }
    },
    "node_modules/@redis/client": {
      "version": "6.1.0",
      "resolved": "https://registry.npmjs.org/@redis/client/-/client-6.1.0.tgz",
      "integrity": "sha512-7u1LefkezJF0HESlhO7ZFLEPfyY+NejP3SGv+Z4pGaT3oM5GVVLa0u3f4rDLUrcw+SRo8IlX9Y8JAONeDdg1Ag==",
      "license": "MIT",
      "dependencies": {
        "cluster-key-slot": "1.1.2"
      },
      "engines": {
        "node": ">= 20.0.0"
      },
      "peerDependencies": {
        "@node-rs/xxhash": "^1.1.0",
        "@opentelemetry/api": ">=1 <2"
      },
      "peerDependenciesMeta": {
        "@node-rs/xxhash": {
          "optional": true
        },
        "@opentelemetry/api": {
          "optional": true
        }
      }
    },
    "node_modules/@redis/json": {
      "version": "6.1.0",
      "resolved": "https://registry.npmjs.org/@redis/json/-/json-6.1.0.tgz",
      "integrity": "sha512-/GFjQA6bu5pG9ClCJAI5Xx4bNXe7UTpxBBlIupBNTrn1+nY860apGnYJuaSCDV2BmEbTidpa7O2qa28oxKx+rg==",
      "license": "MIT",
      "engines": {
        "node": ">= 20.0.0"
      },
      "peerDependencies": {
        "@redis/client": "^6.1.0"
      }
    },
    "node_modules/@redis/search": {
      "version": "6.1.0",
      "resolved": "https://registry.npmjs.org/@redis/search/-/search-6.1.0.tgz",
      "integrity": "sha512-kS5agg+3yZbrdrt8omrew7FLCD8eOm7tarG1CROekPBRe+QGDR9aOpnHIQaYsYi6wPRTH70nQiF06AIjgURefQ==",
      "license": "MIT",
      "engines": {
        "node": ">= 20.0.0"
      },
      "peerDependencies": {
        "@redis/client": "^6.1.0"
      }
    },
    "node_modules/@redis/time-series": {
      "version": "6.1.0",
      "resolved": "https://registry.npmjs.org/@redis/time-series/-/time-series-6.1.0.tgz",
      "integrity": "sha512-uIDBtV8MmG/xpJsRqbGSO4iX6ryj37MLMP82lRpFvI7ykAVe5GyqgxigEbU+uZNv9kDPNMKw3dvI/S/J1BNBzA==",
      "license": "MIT",
      "engines": {
        "node": ">= 20.0.0"
      },
      "peerDependencies": {
        "@redis/client": "^6.1.0"
      }
    },
    "node_modules/cluster-key-slot": {
      "version": "1.1.2",
      "resolved": "https://registry.npmjs.org/cluster-key-slot/-/cluster-key-slot-1.1.2.tgz",
      "integrity": "sha512-RMr0FhtfXemyinomL4hrWcYJxmX6deFdCxpJzhDttxgO1+bcCnkk+9drydLVDmAMG7NE6aN/fl4F7ucU/90gAA==",
      "license": "Apache-2.0",
      "engines": {
        "node": ">=0.10.0"
      }
    },
    "node_modules/redis": {
      "version": "6.1.0",
      "resolved": "https://registry.npmjs.org/redis/-/redis-6.1.0.tgz",
      "integrity": "sha512-0kvUPM8RHP/ZMa0xYaDTcG5e8tIGW6kz6MToVT0V8iOnk6bkXp2jncGRGe2bZEk41lZwiDspUqjZCSk5ohjcKw==",
      "license": "MIT",
      "dependencies": {
        "@redis/bloom": "6.1.0",
        "@redis/client": "6.1.0",
        "@redis/json": "6.1.0",
        "@redis/search": "6.1.0",
        "@redis/time-series": "6.1.0"
      },
      "engines": {
        "node": ">= 20.0.0"
      }
    }
  }
}
